
Microsoft Visual Studio Solution File, Format Version 12.00
# Visual Studio Version 16
VisualStudioVersion = 16.0.29009.5
MinimumVisualStudioVersion = 10.0.40219.1
Project("{FAE04EC0-301F-11D3-BF4B-00C04F79EFBC}") = "Auto-Translation", "Auto-Translation.csproj", "{76F9F8E6-3E43-407F-8FFB-9D9EE45D757E}"
EndProject
Global
	GlobalSection(SolutionConfigurationPlatforms) = preSolution
		Debug|Any CPU = Debug|Any CPU
		Release|Any CPU = Release|Any CPU
	EndGlobalSection
	GlobalSection(ProjectConfigurationPlatforms) = postSolution
		{76F9F8E6-3E43-407F-8FFB-9D9EE45D757E}.Debug|Any CPU.ActiveCfg = Debug|Any CPU
		{76F9F8E6-3E43-407F-8FFB-9D9EE45D757E}.Debug|Any CPU.Build.0 = Debug|Any CPU
		{76F9F8E6-3E43-407F-8FFB-9D9EE45D757E}.Release|Any CPU.ActiveCfg = Release|Any CPU
		{76F9F8E6-3E43-407F-8FFB-9D9EE45D757E}.Release|Any CPU.Build.0 = Release|Any CPU
	EndGlobalSection
	GlobalSection(SolutionProperties) = preSolution
		HideSolutionNode = FALSE
	EndGlobalSection
	GlobalSection(ExtensibilityGlobals) = postSolution
		SolutionGuid = {C8DB68B7-62A2-48D3-A8BC-C50A4C04DED6}
	EndGlobalSection
EndGlobal
